<?xml version="1.0" encoding="utf-8"?>
<Project ToolsVersion="4.0" xmlns="http://schemas.microsoft.com/developer/msbuild/2003">
  <ItemGroup>
    <Filter Include="Header Files">
      <UniqueIdentifier>{93995380-89BD-4b04-88EB-625FBE52EBFB}</UniqueIdentifier>
      <Extensions>h;hh;hpp;hxx;h++;hm;inl;inc;ipp;xsd</Extensions>
    </Filter>
    <Filter Include="Source Files">
      <UniqueIdentifier>{4FC737F1-C7A5-4376-A066-2A32D752A2FF}</UniqueIdentifier>
      <Extensions>cpp;c;cc;cxx;c++;cppm;ixx;def;odl;idl;hpj;bat;asm;asmx</Extensions>
    </Filter>
    <Filter Include="Resource Files">
      <UniqueIdentifier>{67DA6AB6-F800-4c08-8B7A-83BB121AAD01}</UniqueIdentifier>
      <Extensions>rc;ico;cur;bmp;dlg;rc2;rct;bin;rgs;gif;jpg;jpeg;jpe;resx;tiff;tif;png;wav;mfcribbon-ms</Extensions>
    </Filter>
  </ItemGroup>
  <ItemGroup>
    <ClCompile Include="OpenCC.cpp">
      <Filter>Source Files</Filter>
    </ClCompile>
    <ClCompile Include="opencc\BinaryDict.cpp">
      <Filter>Source Files</Filter>
    </ClCompile>
    <ClCompile Include="opencc\Config.cpp">
      <Filter>Source Files</Filter>
    </ClCompile>
    <ClCompile Include="opencc\Conversion.cpp">
      <Filter>Source Files</Filter>
    </ClCompile>
    <ClCompile Include="opencc\ConversionChain.cpp">
      <Filter>Source Files</Filter>
    </ClCompile>
    <ClCompile Include="opencc\Converter.cpp">
      <Filter>Source Files</Filter>
    </ClCompile>
    <ClCompile Include="opencc\DartsDict.cpp">
      <Filter>Source Files</Filter>
    </ClCompile>
    <ClCompile Include="opencc\Dict.cpp">
      <Filter>Source Files</Filter>
    </ClCompile>
    <ClCompile Include="opencc\DictEntry.cpp">
      <Filter>Source Files</Filter>
    </ClCompile>
    <ClCompile Include="opencc\DictGroup.cpp">
      <Filter>Source Files</Filter>
    </ClCompile>
    <ClCompile Include="opencc\Lexicon.cpp">
      <Filter>Source Files</Filter>
    </ClCompile>
    <ClCompile Include="opencc\marisa\grimoire\io\mapper.cc">
      <Filter>Source Files</Filter>
    </ClCompile>
    <ClCompile Include="opencc\MarisaDict.cpp">
      <Filter>Source Files</Filter>
    </ClCompile>
    <ClCompile Include="opencc\MaxMatchSegmentation.cpp">
      <Filter>Source Files</Filter>
    </ClCompile>
    <ClCompile Include="opencc\marisa\grimoire\io\reader.cc">
      <Filter>Source Files</Filter>
    </ClCompile>
    <ClCompile Include="opencc\Segmentation.cpp">
      <Filter>Source Files</Filter>
    </ClCompile>
    <ClCompile Include="opencc\SerializedValues.cpp">
      <Filter>Source Files</Filter>
    </ClCompile>
    <ClCompile Include="opencc\SimpleConverter.cpp">
      <Filter>Source Files</Filter>
    </ClCompile>
    <ClCompile Include="opencc\marisa\grimoire\trie\tail.cc">
      <Filter>Source Files</Filter>
    </ClCompile>
    <ClCompile Include="opencc\TextDict.cpp">
      <Filter>Source Files</Filter>
    </ClCompile>
    <ClCompile Include="opencc\UTF8Util.cpp">
      <Filter>Source Files</Filter>
    </ClCompile>
    <ClCompile Include="opencc\marisa\grimoire\io\writer.cc">
      <Filter>Source Files</Filter>
    </ClCompile>
  </ItemGroup>
  <ItemGroup>
    <ClInclude Include="opencc\Lexicon.hpp">
      <Filter>Header Files</Filter>
    </ClInclude>
    <ClInclude Include="opencc\marisa.h">
      <Filter>Header Files</Filter>
    </ClInclude>
    <ClInclude Include="opencc\MarisaDict.hpp">
      <Filter>Header Files</Filter>
    </ClInclude>
    <ClInclude Include="opencc\MaxMatchSegmentation.hpp">
      <Filter>Header Files</Filter>
    </ClInclude>
    <ClInclude Include="opencc\opencc.h">
      <Filter>Header Files</Filter>
    </ClInclude>
    <ClInclude Include="opencc\Optional.hpp">
      <Filter>Header Files</Filter>
    </ClInclude>
    <ClInclude Include="opencc\Segmentation.hpp">
      <Filter>Header Files</Filter>
    </ClInclude>
    <ClInclude Include="opencc\Segments.hpp">
      <Filter>Header Files</Filter>
    </ClInclude>
    <ClInclude Include="opencc\SerializableDict.hpp">
      <Filter>Header Files</Filter>
    </ClInclude>
    <ClInclude Include="opencc\SerializedValues.hpp">
      <Filter>Header Files</Filter>
    </ClInclude>
    <ClInclude Include="opencc\SimpleConverter.hpp">
      <Filter>Header Files</Filter>
    </ClInclude>
    <ClInclude Include="opencc\TextDict.hpp">
      <Filter>Header Files</Filter>
    </ClInclude>
    <ClInclude Include="opencc\UTF8Util.hpp">
      <Filter>Header Files</Filter>
    </ClInclude>
    <ClInclude Include="opencc\marisa\agent.h">
      <Filter>Header Files</Filter>
    </ClInclude>
    <ClInclude Include="opencc\marisa\base.h">
      <Filter>Header Files</Filter>
    </ClInclude>
    <ClInclude Include="opencc\marisa\exception.h">
      <Filter>Header Files</Filter>
    </ClInclude>
    <ClInclude Include="opencc\marisa\grimoire\algorithm\sort.h">
      <Filter>Header Files</Filter>
    </ClInclude>
    <ClInclude Include="opencc\marisa\grimoire\algorithm.h">
      <Filter>Header Files</Filter>
    </ClInclude>
    <ClInclude Include="opencc\marisa\grimoire\intrin.h">
      <Filter>Header Files</Filter>
    </ClInclude>
    <ClInclude Include="opencc\marisa\grimoire\io\mapper.h">
      <Filter>Header Files</Filter>
    </ClInclude>
    <ClInclude Include="opencc\marisa\grimoire\io\reader.h">
      <Filter>Header Files</Filter>
    </ClInclude>
    <ClInclude Include="opencc\marisa\grimoire\io\writer.h">
      <Filter>Header Files</Filter>
    </ClInclude>
    <ClInclude Include="opencc\marisa\grimoire\io.h">
      <Filter>Header Files</Filter>
    </ClInclude>
    <ClInclude Include="opencc\marisa\grimoire\trie\state.h">
      <Filter>Header Files</Filter>
    </ClInclude>
    <ClInclude Include="opencc\marisa\grimoire\trie\tail.h">
      <Filter>Header Files</Filter>
    </ClInclude>
    <ClInclude Include="opencc\marisa\grimoire\trie.h">
      <Filter>Header Files</Filter>
    </ClInclude>
    <ClInclude Include="opencc\marisa\grimoire\vector\vector.h">
      <Filter>Header Files</Filter>
    </ClInclude>
    <ClInclude Include="opencc\marisa\grimoire\vector.h">
      <Filter>Header Files</Filter>
    </ClInclude>
    <ClInclude Include="opencc\marisa\iostream.h">
      <Filter>Header Files</Filter>
    </ClInclude>
    <ClInclude Include="opencc\marisa\key.h">
      <Filter>Header Files</Filter>
    </ClInclude>
    <ClInclude Include="opencc\marisa\keyset.h">
      <Filter>Header Files</Filter>
    </ClInclude>
    <ClInclude Include="opencc\marisa\query.h">
      <Filter>Header Files</Filter>
    </ClInclude>
    <ClInclude Include="opencc\marisa\scoped-array.h">
      <Filter>Header Files</Filter>
    </ClInclude>
    <ClInclude Include="opencc\marisa\scoped-ptr.h">
      <Filter>Header Files</Filter>
    </ClInclude>
    <ClInclude Include="opencc\marisa\stdio.h">
      <Filter>Header Files</Filter>
    </ClInclude>
    <ClInclude Include="opencc\marisa\trie.h">
      <Filter>Header Files</Filter>
    </ClInclude>
    <ClInclude Include="opencc\rapidjson\internal\stack.h">
      <Filter>Header Files</Filter>
    </ClInclude>
    <ClInclude Include="opencc\rapidjson\internal\strfunc.h">
      <Filter>Header Files</Filter>
    </ClInclude>
    <ClInclude Include="opencc\rapidjson\internal\strtod.h">
      <Filter>Header Files</Filter>
    </ClInclude>
    <ClInclude Include="opencc\rapidjson\internal\swap.h">
      <Filter>Header Files</Filter>
    </ClInclude>
    <ClInclude Include="opencc\rapidjson\msinttypes\stdint.h">
      <Filter>Header Files</Filter>
    </ClInclude>
    <ClInclude Include="opencc\rapidjson\stream.h">
      <Filter>Header Files</Filter>
    </ClInclude>
    <ClInclude Include="opencc\rapidjson\stringbuffer.h">
      <Filter>Header Files</Filter>
    </ClInclude>
    <ClInclude Include="opencc\BinaryDict.hpp">
      <Filter>Header Files</Filter>
    </ClInclude>
    <ClInclude Include="opencc\Common.hpp">
      <Filter>Header Files</Filter>
    </ClInclude>
    <ClInclude Include="opencc\Config.hpp">
      <Filter>Header Files</Filter>
    </ClInclude>
    <ClInclude Include="opencc\Conversion.hpp">
      <Filter>Header Files</Filter>
    </ClInclude>
    <ClInclude Include="opencc\ConversionChain.hpp">
      <Filter>Header Files</Filter>
    </ClInclude>
    <ClInclude Include="opencc\Converter.hpp">
      <Filter>Header Files</Filter>
    </ClInclude>
    <ClInclude Include="opencc\darts.h">
      <Filter>Header Files</Filter>
    </ClInclude>
    <ClInclude Include="opencc\DartsDict.hpp">
      <Filter>Header Files</Filter>
    </ClInclude>
    <ClInclude Include="opencc\Dict.hpp">
      <Filter>Header Files</Filter>
    </ClInclude>
    <ClInclude Include="opencc\DictEntry.hpp">
      <Filter>Header Files</Filter>
    </ClInclude>
    <ClInclude Include="opencc\DictGroup.hpp">
      <Filter>Header Files</Filter>
    </ClInclude>
    <ClInclude Include="opencc\Exception.hpp">
      <Filter>Header Files</Filter>
    </ClInclude>
    <ClInclude Include="opencc\Export.hpp">
      <Filter>Header Files</Filter>
    </ClInclude>
    <ClInclude Include="resource.h">
      <Filter>Header Files</Filter>
    </ClInclude>
  </ItemGroup>
  <ItemGroup>
    <None Include="OpenCC.decls">
      <Filter>Resource Files</Filter>
    </None>
    <None Include="Example.bb">
      <Filter>Resource Files</Filter>
    </None>
  </ItemGroup>
  <ItemGroup>
    <ResourceCompile Include="OpenCC.rc">
      <Filter>Resource Files</Filter>
    </ResourceCompile>
  </ItemGroup>
</Project>